
Microsoft Visual Studio Solution File, Format Version 12.00
# Visual Studio Version 17
VisualStudioVersion = 17.5.002.0
MinimumVisualStudioVersion = 10.0.40219.1
Project("{9A19103F-16F7-4668-BE54-9A1E7A4F7556}") = "Pizzaria", "Pizzaria\Pizzaria.csproj", "{F72A4929-13B0-40E1-94EA-FAC866BA63D2}"
EndProject
Global
	GlobalSection(SolutionConfigurationPlatforms) = preSolution
		Debug|Any CPU = Debug|Any CPU
		Release|Any CPU = Release|Any CPU
	EndGlobalSection
	GlobalSection(ProjectConfigurationPlatforms) = postSolution
		{F72A4929-13B0-40E1-94EA-FAC866BA63D2}.Debug|Any CPU.ActiveCfg = Debug|Any CPU
		{F72A4929-13B0-40E1-94EA-FAC866BA63D2}.Debug|Any CPU.Build.0 = Debug|Any CPU
		{F72A4929-13B0-40E1-94EA-FAC866BA63D2}.Release|Any CPU.ActiveCfg = Release|Any CPU
		{F72A4929-13B0-40E1-94EA-FAC866BA63D2}.Release|Any CPU.Build.0 = Release|Any CPU
	EndGlobalSection
	GlobalSection(SolutionProperties) = preSolution
		HideSolutionNode = FALSE
	EndGlobalSection
	GlobalSection(ExtensibilityGlobals) = postSolution
		SolutionGuid = {2E48A90C-996B-410E-8C26-4F9C3DDE0ED2}
	EndGlobalSection
EndGlobal
